
Microsoft Visual Studio Solution File, Format Version 12.00
# Visual Studio Version 16
VisualStudioVersion = 16.0.30804.86
MinimumVisualStudioVersion = 10.0.40219.1
Project("{9A19103F-16F7-4668-BE54-9A1E7A4F7556}") = "KampIntro", "KampIntro\KampIntro.csproj", "{963EAB25-B630-46D0-923E-A7728B827F0B}"
EndProject
Project("{9A19103F-16F7-4668-BE54-9A1E7A4F7556}") = "Donguler", "Donguler\Donguler.csproj", "{1D97B301-7577-4FE9-A8AE-899682894EAB}"
EndProject
Project("{9A19103F-16F7-4668-BE54-9A1E7A4F7556}") = "ClassIntro", "ClassIntro\ClassIntro.csproj", "{745D1BA0-A735-4D05-8F00-A1F7536A990E}"
EndProject
Project("{9A19103F-16F7-4668-BE54-9A1E7A4F7556}") = "day2Odev", "day2Odev\day2Odev.csproj", "{5A89CE15-F75B-4398-9C19-AC941D5C8269}"
EndProject
Project("{9A19103F-16F7-4668-BE54-9A1E7A4F7556}") = "Metotlar", "Metotlar\Metotlar.csproj", "{FB5A2991-EF62-4CF6-A760-4AC0A16730CB}"
EndProject
Project("{9A19103F-16F7-4668-BE54-9A1E7A4F7556}") = "Matematik", "Matematik\Matematik.csproj", "{0BB9E727-7F70-47D9-8AA6-8C72F2F0FB65}"
EndProject
Project("{9A19103F-16F7-4668-BE54-9A1E7A4F7556}") = "DegerVeReferansTipler", "DegerVeReferansTipler\DegerVeReferansTipler.csproj", "{B90C73AA-A4E7-4205-9EEF-7C1C2F9DCBCD}"
EndProject
Project("{9A19103F-16F7-4668-BE54-9A1E7A4F7556}") = "OOP1", "OOP1\OOP1.csproj", "{152879A4-E1C3-4C8E-8A99-5288CC399AA5}"
EndProject
Project("{9A19103F-16F7-4668-BE54-9A1E7A4F7556}") = "Koleksiyonlar", "Koleksiyonlar\Koleksiyonlar.csproj", "{A8542948-DC2B-4E8D-AC21-CDFD8C61C9E6}"
EndProject
Project("{9A19103F-16F7-4668-BE54-9A1E7A4F7556}") = "GenericsIntro", "GenericsIntro\GenericsIntro.csproj", "{CB0257AF-5ED1-479C-AA21-80BF7762E70B}"
EndProject
Project("{FAE04EC0-301F-11D3-BF4B-00C04F79EFBC}") = "Generics", "Generics\Generics.csproj", "{DBAE2FD0-7F69-4628-A80E-5376A36415DC}"
EndProject
Global
	GlobalSection(SolutionConfigurationPlatforms) = preSolution
		Debug|Any CPU = Debug|Any CPU
		Release|Any CPU = Release|Any CPU
	EndGlobalSection
	GlobalSection(ProjectConfigurationPlatforms) = postSolution
		{963EAB25-B630-46D0-923E-A7728B827F0B}.Debug|Any CPU.ActiveCfg = Debug|Any CPU
		{963EAB25-B630-46D0-923E-A7728B827F0B}.Debug|Any CPU.Build.0 = Debug|Any CPU
		{963EAB25-B630-46D0-923E-A7728B827F0B}.Release|Any CPU.ActiveCfg = Release|Any CPU
		{963EAB25-B630-46D0-923E-A7728B827F0B}.Release|Any CPU.Build.0 = Release|Any CPU
		{1D97B301-7577-4FE9-A8AE-899682894EAB}.Debug|Any CPU.ActiveCfg = Debug|Any CPU
		{1D97B301-7577-4FE9-A8AE-899682894EAB}.Debug|Any CPU.Build.0 = Debug|Any CPU
		{1D97B301-7577-4FE9-A8AE-899682894EAB}.Release|Any CPU.ActiveCfg = Release|Any CPU
		{1D97B301-7577-4FE9-A8AE-899682894EAB}.Release|Any CPU.Build.0 = Release|Any CPU
		{745D1BA0-A735-4D05-8F00-A1F7536A990E}.Debug|Any CPU.ActiveCfg = Debug|Any CPU
		{745D1BA0-A735-4D05-8F00-A1F7536A990E}.Debug|Any CPU.Build.0 = Debug|Any CPU
		{745D1BA0-A735-4D05-8F00-A1F7536A990E}.Release|Any CPU.ActiveCfg = Release|Any CPU
		{745D1BA0-A735-4D05-8F00-A1F7536A990E}.Release|Any CPU.Build.0 = Release|Any CPU
		{5A89CE15-F75B-4398-9C19-AC941D5C8269}.Debug|Any CPU.ActiveCfg = Debug|Any CPU
		{5A89CE15-F75B-4398-9C19-AC941D5C8269}.Debug|Any CPU.Build.0 = Debug|Any CPU
		{5A89CE15-F75B-4398-9C19-AC941D5C8269}.Release|Any CPU.ActiveCfg = Release|Any CPU
		{5A89CE15-F75B-4398-9C19-AC941D5C8269}.Release|Any CPU.Build.0 = Release|Any CPU
		{FB5A2991-EF62-4CF6-A760-4AC0A16730CB}.Debug|Any CPU.ActiveCfg = Debug|Any CPU
		{FB5A2991-EF62-4CF6-A760-4AC0A16730CB}.Debug|Any CPU.Build.0 = Debug|Any CPU
		{FB5A2991-EF62-4CF6-A760-4AC0A16730CB}.Release|Any CPU.ActiveCfg = Release|Any CPU
		{FB5A2991-EF62-4CF6-A760-4AC0A16730CB}.Release|Any CPU.Build.0 = Release|Any CPU
		{0BB9E727-7F70-47D9-8AA6-8C72F2F0FB65}.Debug|Any CPU.ActiveCfg = Debug|Any CPU
		{0BB9E727-7F70-47D9-8AA6-8C72F2F0FB65}.Debug|Any CPU.Build.0 = Debug|Any CPU
		{0BB9E727-7F70-47D9-8AA6-8C72F2F0FB65}.Release|Any CPU.ActiveCfg = Release|Any CPU
		{0BB9E727-7F70-47D9-8AA6-8C72F2F0FB65}.Release|Any CPU.Build.0 = Release|Any CPU
		{B90C73AA-A4E7-4205-9EEF-7C1C2F9DCBCD}.Debug|Any CPU.ActiveCfg = Debug|Any CPU
		{B90C73AA-A4E7-4205-9EEF-7C1C2F9DCBCD}.Debug|Any CPU.Build.0 = Debug|Any CPU
		{B90C73AA-A4E7-4205-9EEF-7C1C2F9DCBCD}.Release|Any CPU.ActiveCfg = Release|Any CPU
		{B90C73AA-A4E7-4205-9EEF-7C1C2F9DCBCD}.Release|Any CPU.Build.0 = Release|Any CPU
		{152879A4-E1C3-4C8E-8A99-5288CC399AA5}.Debug|Any CPU.ActiveCfg = Debug|Any CPU
		{152879A4-E1C3-4C8E-8A99-5288CC399AA5}.Debug|Any CPU.Build.0 = Debug|Any CPU
		{152879A4-E1C3-4C8E-8A99-5288CC399AA5}.Release|Any CPU.ActiveCfg = Release|Any CPU
		{152879A4-E1C3-4C8E-8A99-5288CC399AA5}.Release|Any CPU.Build.0 = Release|Any CPU
		{A8542948-DC2B-4E8D-AC21-CDFD8C61C9E6}.Debug|Any CPU.ActiveCfg = Debug|Any CPU
		{A8542948-DC2B-4E8D-AC21-CDFD8C61C9E6}.Debug|Any CPU.Build.0 = Debug|Any CPU
		{A8542948-DC2B-4E8D-AC21-CDFD8C61C9E6}.Release|Any CPU.ActiveCfg = Release|Any CPU
		{A8542948-DC2B-4E8D-AC21-CDFD8C61C9E6}.Release|Any CPU.Build.0 = Release|Any CPU
		{CB0257AF-5ED1-479C-AA21-80BF7762E70B}.Debug|Any CPU.ActiveCfg = Debug|Any CPU
		{CB0257AF-5ED1-479C-AA21-80BF7762E70B}.Debug|Any CPU.Build.0 = Debug|Any CPU
		{CB0257AF-5ED1-479C-AA21-80BF7762E70B}.Release|Any CPU.ActiveCfg = Release|Any CPU
		{CB0257AF-5ED1-479C-AA21-80BF7762E70B}.Release|Any CPU.Build.0 = Release|Any CPU
		{DBAE2FD0-7F69-4628-A80E-5376A36415DC}.Debug|Any CPU.ActiveCfg = Debug|Any CPU
		{DBAE2FD0-7F69-4628-A80E-5376A36415DC}.Debug|Any CPU.Build.0 = Debug|Any CPU
		{DBAE2FD0-7F69-4628-A80E-5376A36415DC}.Release|Any CPU.ActiveCfg = Release|Any CPU
		{DBAE2FD0-7F69-4628-A80E-5376A36415DC}.Release|Any CPU.Build.0 = Release|Any CPU
	EndGlobalSection
	GlobalSection(SolutionProperties) = preSolution
		HideSolutionNode = FALSE
	EndGlobalSection
	GlobalSection(ExtensibilityGlobals) = postSolution
		SolutionGuid = {6AE3BE99-38C4-45CA-A49C-3B89EB90A27E}
	EndGlobalSection
EndGlobal
